
Microsoft Visual Studio Solution File, Format Version 12.00
# Visual Studio Version 16
VisualStudioVersion = 16.0.30611.23
MinimumVisualStudioVersion = 10.0.40219.1
Project("{FAE04EC0-301F-11D3-BF4B-00C04F79EFBC}") = "pipeline", "pipeline\pipeline.csproj", "{29F48801-4D1F-4005-91D9-F7C874E1D477}"
EndProject
Global
	GlobalSection(SolutionConfigurationPlatforms) = preSolution
		Debug|Any CPU = Debug|Any CPU
		Release|Any CPU = Release|Any CPU
	EndGlobalSection
	GlobalSection(ProjectConfigurationPlatforms) = postSolution
		{29F48801-4D1F-4005-91D9-F7C874E1D477}.Debug|Any CPU.ActiveCfg = Debug|Any CPU
		{29F48801-4D1F-4005-91D9-F7C874E1D477}.Debug|Any CPU.Build.0 = Debug|Any CPU
		{29F48801-4D1F-4005-91D9-F7C874E1D477}.Release|Any CPU.ActiveCfg = Release|Any CPU
		{29F48801-4D1F-4005-91D9-F7C874E1D477}.Release|Any CPU.Build.0 = Release|Any CPU
	EndGlobalSection
	GlobalSection(SolutionProperties) = preSolution
		HideSolutionNode = FALSE
	EndGlobalSection
	GlobalSection(ExtensibilityGlobals) = postSolution
		SolutionGuid = {60D51944-B0D1-4C5F-801D-6D7C80A7E7AF}
	EndGlobalSection
EndGlobal
